
Microsoft Visual Studio Solution File, Format Version 12.00
# Visual Studio Version 16
VisualStudioVersion = 16.0.29613.14
MinimumVisualStudioVersion = 10.0.40219.1
Project("{FAE04EC0-301F-11D3-BF4B-00C04F79EFBC}") = "Get to know your classmates", "Get to know your classmates\Get to know your classmates.csproj", "{B874DB9E-72F4-4FB8-B969-E16ECA36C6C9}"
EndProject
Global
	GlobalSection(SolutionConfigurationPlatforms) = preSolution
		Debug|Any CPU = Debug|Any CPU
		Release|Any CPU = Release|Any CPU
	EndGlobalSection
	GlobalSection(ProjectConfigurationPlatforms) = postSolution
		{B874DB9E-72F4-4FB8-B969-E16ECA36C6C9}.Debug|Any CPU.ActiveCfg = Debug|Any CPU
		{B874DB9E-72F4-4FB8-B969-E16ECA36C6C9}.Debug|Any CPU.Build.0 = Debug|Any CPU
		{B874DB9E-72F4-4FB8-B969-E16ECA36C6C9}.Release|Any CPU.ActiveCfg = Release|Any CPU
		{B874DB9E-72F4-4FB8-B969-E16ECA36C6C9}.Release|Any CPU.Build.0 = Release|Any CPU
	EndGlobalSection
	GlobalSection(SolutionProperties) = preSolution
		HideSolutionNode = FALSE
	EndGlobalSection
	GlobalSection(ExtensibilityGlobals) = postSolution
		SolutionGuid = {22044451-0B12-4E38-8833-F85633D9110B}
	EndGlobalSection
EndGlobal
